
Microsoft Visual Studio Solution File, Format Version 12.00
# Visual Studio Version 16
VisualStudioVersion = 16.0.30011.22
MinimumVisualStudioVersion = 10.0.40219.1
Project("{9A19103F-16F7-4668-BE54-9A1E7A4F7556}") = "AisFileSyncer", "AisFileSyncer.csproj", "{BFAF1B62-8497-44F0-8281-E9E114C9AF09}"
EndProject
Global
	GlobalSection(SolutionConfigurationPlatforms) = preSolution
		Debug|Any CPU = Debug|Any CPU
		Release|Any CPU = Release|Any CPU
	EndGlobalSection
	GlobalSection(ProjectConfigurationPlatforms) = postSolution
		{BFAF1B62-8497-44F0-8281-E9E114C9AF09}.Debug|Any CPU.ActiveCfg = Debug|Any CPU
		{BFAF1B62-8497-44F0-8281-E9E114C9AF09}.Debug|Any CPU.Build.0 = Debug|Any CPU
		{BFAF1B62-8497-44F0-8281-E9E114C9AF09}.Release|Any CPU.ActiveCfg = Release|Any CPU
		{BFAF1B62-8497-44F0-8281-E9E114C9AF09}.Release|Any CPU.Build.0 = Release|Any CPU
	EndGlobalSection
	GlobalSection(SolutionProperties) = preSolution
		HideSolutionNode = FALSE
	EndGlobalSection
	GlobalSection(ExtensibilityGlobals) = postSolution
		SolutionGuid = {1C2D6EFE-748F-4322-970D-9350FC2DBE05}
	EndGlobalSection
EndGlobal
